PODS:
  - Starscream (3.0.5)
  - SwiftyGif (4.1.0)

DEPENDENCIES:
  - Starscream
  - SwiftyGif

SPEC REPOS:
  https://github.com/cocoapods/specs.git:
    - Starscream
    - SwiftyGif

SPEC CHECKSUMS:
  Starscream: faf918b2f2eff7d5dd21180646bf015a669673bd
  SwiftyGif: d36c6dfb52e2ca1e48fe349d225f50ec4123ec85

PODFILE CHECKSUM: 7ee6a6e7227bcca81c834c577e4ff3c8c37e5d5d

COCOAPODS: 1.5.3
