PODS:
  - APNGKit (1.1.0)
  - Starscream (3.0.6)
  - SwiftyGif (4.2.0)

DEPENDENCIES:
  - APNGKit
  - Starscream
  - SwiftyGif

SPEC REPOS:
  https://github.com/cocoapods/specs.git:
    - APNGKit
    - Starscream
    - SwiftyGif

SPEC CHECKSUMS:
  APNGKit: 8fcf50c4004d6d01473707412d162e90d1fa599a
  Starscream: ef3ece99d765eeccb67de105bfa143f929026cf5
  SwiftyGif: a149bf84df23370592f3f075561ae02c8632a314

PODFILE CHECKSUM: 3a72249a6e79d41c648a36dd3725f464585e77a2

COCOAPODS: 1.6.0
