// !$*UTF8*$!
{
	archiveVersion = 1;
	classes = {
	};
	objectVersion = 50;
	objects = {

/* Begin PBXBuildFile section */
		121764C82167AB830017E76A /* InfoPlist.strings in Resources */ = {isa = PBXBuildFile; fileRef = 121764CA2167AB830017E76A /* InfoPlist.strings */; };
		121764CD216846AB0017E76A /* MovieCache.swift in Sources */ = {isa = PBXBuildFile; fileRef = 121764CC216846AB0017E76A /* MovieCache.swift */; };
		121764D12168B24E0017E76A /* FollowRequestViewController.swift in Sources */ = {isa = PBXBuildFile; fileRef = 121764D02168B24E0017E76A /* FollowRequestViewController.swift */; };
		121DC0DA2152955F00928DCC /* TootViewController.swift in Sources */ = {isa = PBXBuildFile; fileRef = 121DC0D92152955F00928DCC /* TootViewController.swift */; };
		121DC0DC2153C64F00928DCC /* MyWindow.swift in Sources */ = {isa = PBXBuildFile; fileRef = 121DC0DB2153C64F00928DCC /* MyWindow.swift */; };
		121DC0DE2153CF7F00928DCC /* TimeLineView.swift in Sources */ = {isa = PBXBuildFile; fileRef = 121DC0DD2153CF7F00928DCC /* TimeLineView.swift */; };
		121DC0E22153E32500928DCC /* WaitIndicator.swift in Sources */ = {isa = PBXBuildFile; fileRef = 121DC0E12153E32500928DCC /* WaitIndicator.swift */; };
		1255A96C215A6A1600DE1CF3 /* MastodonStreaming.swift in Sources */ = {isa = PBXBuildFile; fileRef = 1255A96B215A6A1600DE1CF3 /* MastodonStreaming.swift */; };
		1255A96E215A7F5900DE1CF3 /* License.text in Resources */ = {isa = PBXBuildFile; fileRef = 1255A96D215A7F5900DE1CF3 /* License.text */; };
		1255A976215BBD2D00DE1CF3 /* ImageCheckView.swift in Sources */ = {isa = PBXBuildFile; fileRef = 1255A975215BBD2D00DE1CF3 /* ImageCheckView.swift */; };
		1255A978215D1B2600DE1CF3 /* ShowMyAnyList.swift in Sources */ = {isa = PBXBuildFile; fileRef = 1255A977215D1B2600DE1CF3 /* ShowMyAnyList.swift */; };
		1255A97A215DF97100DE1CF3 /* FollowingViewController.swift in Sources */ = {isa = PBXBuildFile; fileRef = 1255A979215DF97100DE1CF3 /* FollowingViewController.swift */; };
		127A37B221570B5600347880 /* NotificationViewController.swift in Sources */ = {isa = PBXBuildFile; fileRef = 127A37B121570B5600347880 /* NotificationViewController.swift */; };
		127A37B52157250700347880 /* ListSelectViewController.swift in Sources */ = {isa = PBXBuildFile; fileRef = 127A37B42157250700347880 /* ListSelectViewController.swift */; };
		127A37B7215733B400347880 /* NotificationTableModel.swift in Sources */ = {isa = PBXBuildFile; fileRef = 127A37B6215733B400347880 /* NotificationTableModel.swift */; };
		127A37B921573FE900347880 /* NotificationTableCell.swift in Sources */ = {isa = PBXBuildFile; fileRef = 127A37B821573FE900347880 /* NotificationTableCell.swift */; };
		127A37BC2157649600347880 /* SearchViewController.swift in Sources */ = {isa = PBXBuildFile; fileRef = 127A37BB2157649600347880 /* SearchViewController.swift */; };
		127A37BE2157B45100347880 /* MyImagePickerController.swift in Sources */ = {isa = PBXBuildFile; fileRef = 127A37BD2157B45100347880 /* MyImagePickerController.swift */; };
		127A37C02157C63500347880 /* ImageUpload.swift in Sources */ = {isa = PBXBuildFile; fileRef = 127A37BF2157C63500347880 /* ImageUpload.swift */; };
		127A37C221583DC700347880 /* ProfileViewCell.swift in Sources */ = {isa = PBXBuildFile; fileRef = 127A37C121583DC700347880 /* ProfileViewCell.swift */; };
		127A37C62158F41A00347880 /* ProfileAction.swift in Sources */ = {isa = PBXBuildFile; fileRef = 127A37C52158F41A00347880 /* ProfileAction.swift */; };
		1286DF5B215488CB008FFFAC /* ThemeColor.swift in Sources */ = {isa = PBXBuildFile; fileRef = 1286DF5A215488CB008FFFAC /* ThemeColor.swift */; };
		1286DF5D21549A81008FFFAC /* SettingsSwitchCell.swift in Sources */ = {isa = PBXBuildFile; fileRef = 1286DF5C21549A81008FFFAC /* SettingsSwitchCell.swift */; };
		1286DF5F2154A9CA008FFFAC /* SettingsStepperCell.swift in Sources */ = {isa = PBXBuildFile; fileRef = 1286DF5E2154A9CA008FFFAC /* SettingsStepperCell.swift */; };
		1286DF612154DCA8008FFFAC /* EmojiKeyboard.swift in Sources */ = {isa = PBXBuildFile; fileRef = 1286DF602154DCA8008FFFAC /* EmojiKeyboard.swift */; };
		1286DF632154F2DA008FFFAC /* SettingsSelectProtectMode.swift in Sources */ = {isa = PBXBuildFile; fileRef = 1286DF622154F2DA008FFFAC /* SettingsSelectProtectMode.swift */; };
		1286DF6521551824008FFFAC /* TootView.swift in Sources */ = {isa = PBXBuildFile; fileRef = 1286DF6421551824008FFFAC /* TootView.swift */; };
		1286DF682155E906008FFFAC /* ImageViewController.swift in Sources */ = {isa = PBXBuildFile; fileRef = 1286DF672155E906008FFFAC /* ImageViewController.swift */; };
		129771E321624204003728FC /* WideTouchButton.swift in Sources */ = {isa = PBXBuildFile; fileRef = 129771E221624204003728FC /* WideTouchButton.swift */; };
		12B8B4242164BF0E00869496 /* MainView.swift in Sources */ = {isa = PBXBuildFile; fileRef = 12B8B4232164BF0E00869496 /* MainView.swift */; };
		12B8B4262165BAA900869496 /* ListSelectTableViewCell.swift in Sources */ = {isa = PBXBuildFile; fileRef = 12B8B4252165BAA900869496 /* ListSelectTableViewCell.swift */; };
		12B8B4282165CD2B00869496 /* ListData.swift in Sources */ = {isa = PBXBuildFile; fileRef = 12B8B4272165CD2B00869496 /* ListData.swift */; };
		12B8B42A216612DF00869496 /* ListEditViewController.swift in Sources */ = {isa = PBXBuildFile; fileRef = 12B8B429216612DF00869496 /* ListEditViewController.swift */; };
		12B8B42C2166186300869496 /* ListEditTableViewCell.swift in Sources */ = {isa = PBXBuildFile; fileRef = 12B8B42B2166186300869496 /* ListEditTableViewCell.swift */; };
		12B8B42E21663AE800869496 /* AllListsViewController.swift in Sources */ = {isa = PBXBuildFile; fileRef = 12B8B42D21663AE800869496 /* AllListsViewController.swift */; };
		12CD0257214E981D00133A95 /* SettingsViewController.swift in Sources */ = {isa = PBXBuildFile; fileRef = 12CD0256214E981D00133A95 /* SettingsViewController.swift */; };
		12CD0259214E989D00133A95 /* SettingsModel.swift in Sources */ = {isa = PBXBuildFile; fileRef = 12CD0258214E989D00133A95 /* SettingsModel.swift */; };
		12CD025D214EB24A00133A95 /* ImageCache.swift in Sources */ = {isa = PBXBuildFile; fileRef = 12CD025C214EB24A00133A95 /* ImageCache.swift */; };
		12CD025F214F2F1400133A95 /* TimeLineViewModel.swift in Sources */ = {isa = PBXBuildFile; fileRef = 12CD025E214F2F1400133A95 /* TimeLineViewModel.swift */; };
		12CD0261214F367100133A95 /* DecodeToot.swift in Sources */ = {isa = PBXBuildFile; fileRef = 12CD0260214F367100133A95 /* DecodeToot.swift */; };
		12CD0263214F49E000133A95 /* EmojiData.swift in Sources */ = {isa = PBXBuildFile; fileRef = 12CD0262214F49E000133A95 /* EmojiData.swift */; };
		12CD0265214FD37700133A95 /* AnalyzeJson.swift in Sources */ = {isa = PBXBuildFile; fileRef = 12CD0264214FD37700133A95 /* AnalyzeJson.swift */; };
		12CD0267214FD4F000133A95 /* TimeLineViewCell.swift in Sources */ = {isa = PBXBuildFile; fileRef = 12CD0266214FD4F000133A95 /* TimeLineViewCell.swift */; };
		12F6602F215656890049AEE0 /* ImageUtils.swift in Sources */ = {isa = PBXBuildFile; fileRef = 12F6602E215656890049AEE0 /* ImageUtils.swift */; };
		12F9AC78214CA35F00E9E508 /* AppDelegate.swift in Sources */ = {isa = PBXBuildFile; fileRef = 12F9AC77214CA35F00E9E508 /* AppDelegate.swift */; };
		12F9AC7A214CA35F00E9E508 /* ViewController.swift in Sources */ = {isa = PBXBuildFile; fileRef = 12F9AC79214CA35F00E9E508 /* ViewController.swift */; };
		12F9AC7D214CA35F00E9E508 /* Main.storyboard in Resources */ = {isa = PBXBuildFile; fileRef = 12F9AC7B214CA35F00E9E508 /* Main.storyboard */; };
		12F9AC7F214CA36100E9E508 /* Assets.xcassets in Resources */ = {isa = PBXBuildFile; fileRef = 12F9AC7E214CA36100E9E508 /* Assets.xcassets */; };
		12F9AC82214CA36100E9E508 /* LaunchScreen.storyboard in Resources */ = {isa = PBXBuildFile; fileRef = 12F9AC80214CA36100E9E508 /* LaunchScreen.storyboard */; };
		12F9AC8C214CA3BD00E9E508 /* Dialog.swift in Sources */ = {isa = PBXBuildFile; fileRef = 12F9AC8B214CA3BD00E9E508 /* Dialog.swift */; };
		12F9AC8F214CA41200E9E508 /* MastodonRequest.swift in Sources */ = {isa = PBXBuildFile; fileRef = 12F9AC8E214CA41200E9E508 /* MastodonRequest.swift */; };
		12F9AC91214CA4AA00E9E508 /* LoginSafari.swift in Sources */ = {isa = PBXBuildFile; fileRef = 12F9AC90214CA4AA00E9E508 /* LoginSafari.swift */; };
		12F9AC99214CA9B100E9E508 /* SettingsData.swift in Sources */ = {isa = PBXBuildFile; fileRef = 12F9AC98214CA9B100E9E508 /* SettingsData.swift */; };
		12F9AC9B214CAB2200E9E508 /* LoginViewController.swift in Sources */ = {isa = PBXBuildFile; fileRef = 12F9AC9A214CAB2200E9E508 /* LoginViewController.swift */; };
		12F9AC9D214CAB7000E9E508 /* MyViewController.swift in Sources */ = {isa = PBXBuildFile; fileRef = 12F9AC9C214CAB7000E9E508 /* MyViewController.swift */; };
		12F9ACA1214CE18400E9E508 /* I18n.swift in Sources */ = {isa = PBXBuildFile; fileRef = 12F9ACA0214CE18400E9E508 /* I18n.swift */; };
		12F9ACA2214CE9B900E9E508 /* Localizable.strings in Resources */ = {isa = PBXBuildFile; fileRef = 12F9ACA4214CE9B900E9E508 /* Localizable.strings */; };
		12F9ACA8214D1C0900E9E508 /* MainViewController.swift in Sources */ = {isa = PBXBuildFile; fileRef = 12F9ACA7214D1C0900E9E508 /* MainViewController.swift */; };
		12F9ACAA214D412400E9E508 /* TimeLineViewController.swift in Sources */ = {isa = PBXBuildFile; fileRef = 12F9ACA9214D412400E9E508 /* TimeLineViewController.swift */; };
		12F9ACAC214D424D00E9E508 /* UIUtils.swift in Sources */ = {isa = PBXBuildFile; fileRef = 12F9ACAB214D424D00E9E508 /* UIUtils.swift */; };
		5E5CE25540D5ADFBD2B1A09A /* Pods_DonParade.framework in Frameworks */ = {isa = PBXBuildFile; fileRef = B34A5C456964AEA66CDD4D8C /* Pods_DonParade.framework */; };
/* End PBXBuildFile section */

/* Begin PBXFileReference section */
		07B719C767E8F3CB26EC8954 /* Pods-DonParade.debug.xcconfig */ = {isa = PBXFileReference; includeInIndex = 1; lastKnownFileType = text.xcconfig; name = "Pods-DonParade.debug.xcconfig"; path = "Pods/Target Support Files/Pods-DonParade/Pods-DonParade.debug.xcconfig"; sourceTree = "<group>"; };
		121764C92167AB830017E76A /* ja */ = {isa = PBXFileReference; lastKnownFileType = text.plist.strings; name = ja; path = ja.lproj/InfoPlist.strings; sourceTree = "<group>"; };
		121764CB2167AB890017E76A /* en */ = {isa = PBXFileReference; lastKnownFileType = text.plist.strings; name = en; path = en.lproj/InfoPlist.strings; sourceTree = "<group>"; };
		121764CC216846AB0017E76A /* MovieCache.swift */ = {isa = PBXFileReference; lastKnownFileType = sourcecode.swift; path = MovieCache.swift; sourceTree = "<group>"; };
		121764D02168B24E0017E76A /* FollowRequestViewController.swift */ = {isa = PBXFileReference; lastKnownFileType = sourcecode.swift; path = FollowRequestViewController.swift; sourceTree = "<group>"; };
		121DC0D92152955F00928DCC /* TootViewController.swift */ = {isa = PBXFileReference; lastKnownFileType = sourcecode.swift; path = TootViewController.swift; sourceTree = "<group>"; };
		121DC0DB2153C64F00928DCC /* MyWindow.swift */ = {isa = PBXFileReference; lastKnownFileType = sourcecode.swift; path = MyWindow.swift; sourceTree = "<group>"; };
		121DC0DD2153CF7F00928DCC /* TimeLineView.swift */ = {isa = PBXFileReference; lastKnownFileType = sourcecode.swift; path = TimeLineView.swift; sourceTree = "<group>"; };
		121DC0E12153E32500928DCC /* WaitIndicator.swift */ = {isa = PBXFileReference; lastKnownFileType = sourcecode.swift; path = WaitIndicator.swift; sourceTree = "<group>"; };
		1255A96B215A6A1600DE1CF3 /* MastodonStreaming.swift */ = {isa = PBXFileReference; lastKnownFileType = sourcecode.swift; path = MastodonStreaming.swift; sourceTree = "<group>"; };
		1255A96D215A7F5900DE1CF3 /* License.text */ = {isa = PBXFileReference; lastKnownFileType = net.daringfireball.markdown; path = License.text; sourceTree = "<group>"; };
		1255A973215A85A000DE1CF3 /* Starscream.framework */ = {isa = PBXFileReference; explicitFileType = wrapper.framework; path = Starscream.framework; sourceTree = BUILT_PRODUCTS_DIR; };
		1255A975215BBD2D00DE1CF3 /* ImageCheckView.swift */ = {isa = PBXFileReference; lastKnownFileType = sourcecode.swift; path = ImageCheckView.swift; sourceTree = "<group>"; };
		1255A977215D1B2600DE1CF3 /* ShowMyAnyList.swift */ = {isa = PBXFileReference; lastKnownFileType = sourcecode.swift; path = ShowMyAnyList.swift; sourceTree = "<group>"; };
		1255A979215DF97100DE1CF3 /* FollowingViewController.swift */ = {isa = PBXFileReference; lastKnownFileType = sourcecode.swift; path = FollowingViewController.swift; sourceTree = "<group>"; };
		127A37B121570B5600347880 /* NotificationViewController.swift */ = {isa = PBXFileReference; lastKnownFileType = sourcecode.swift; path = NotificationViewController.swift; sourceTree = "<group>"; };
		127A37B42157250700347880 /* ListSelectViewController.swift */ = {isa = PBXFileReference; lastKnownFileType = sourcecode.swift; path = ListSelectViewController.swift; sourceTree = "<group>"; };
		127A37B6215733B400347880 /* NotificationTableModel.swift */ = {isa = PBXFileReference; lastKnownFileType = sourcecode.swift; path = NotificationTableModel.swift; sourceTree = "<group>"; };
		127A37B821573FE900347880 /* NotificationTableCell.swift */ = {isa = PBXFileReference; lastKnownFileType = sourcecode.swift; path = NotificationTableCell.swift; sourceTree = "<group>"; };
		127A37BB2157649600347880 /* SearchViewController.swift */ = {isa = PBXFileReference; lastKnownFileType = sourcecode.swift; path = SearchViewController.swift; sourceTree = "<group>"; };
		127A37BD2157B45100347880 /* MyImagePickerController.swift */ = {isa = PBXFileReference; lastKnownFileType = sourcecode.swift; path = MyImagePickerController.swift; sourceTree = "<group>"; };
		127A37BF2157C63500347880 /* ImageUpload.swift */ = {isa = PBXFileReference; lastKnownFileType = sourcecode.swift; path = ImageUpload.swift; sourceTree = "<group>"; };
		127A37C121583DC700347880 /* ProfileViewCell.swift */ = {isa = PBXFileReference; lastKnownFileType = sourcecode.swift; path = ProfileViewCell.swift; sourceTree = "<group>"; };
		127A37C52158F41A00347880 /* ProfileAction.swift */ = {isa = PBXFileReference; lastKnownFileType = sourcecode.swift; path = ProfileAction.swift; sourceTree = "<group>"; };
		1286DF5A215488CB008FFFAC /* ThemeColor.swift */ = {isa = PBXFileReference; lastKnownFileType = sourcecode.swift; path = ThemeColor.swift; sourceTree = "<group>"; };
		1286DF5C21549A81008FFFAC /* SettingsSwitchCell.swift */ = {isa = PBXFileReference; lastKnownFileType = sourcecode.swift; path = SettingsSwitchCell.swift; sourceTree = "<group>"; };
		1286DF5E2154A9CA008FFFAC /* SettingsStepperCell.swift */ = {isa = PBXFileReference; lastKnownFileType = sourcecode.swift; path = SettingsStepperCell.swift; sourceTree = "<group>"; };
		1286DF602154DCA8008FFFAC /* EmojiKeyboard.swift */ = {isa = PBXFileReference; lastKnownFileType = sourcecode.swift; path = EmojiKeyboard.swift; sourceTree = "<group>"; };
		1286DF622154F2DA008FFFAC /* SettingsSelectProtectMode.swift */ = {isa = PBXFileReference; lastKnownFileType = sourcecode.swift; path = SettingsSelectProtectMode.swift; sourceTree = "<group>"; };
		1286DF6421551824008FFFAC /* TootView.swift */ = {isa = PBXFileReference; lastKnownFileType = sourcecode.swift; path = TootView.swift; sourceTree = "<group>"; };
		1286DF672155E906008FFFAC /* ImageViewController.swift */ = {isa = PBXFileReference; lastKnownFileType = sourcecode.swift; path = ImageViewController.swift; sourceTree = "<group>"; };
		129771E221624204003728FC /* WideTouchButton.swift */ = {isa = PBXFileReference; lastKnownFileType = sourcecode.swift; path = WideTouchButton.swift; sourceTree = "<group>"; };
		12B8B4232164BF0E00869496 /* MainView.swift */ = {isa = PBXFileReference; lastKnownFileType = sourcecode.swift; path = MainView.swift; sourceTree = "<group>"; };
		12B8B4252165BAA900869496 /* ListSelectTableViewCell.swift */ = {isa = PBXFileReference; lastKnownFileType = sourcecode.swift; path = ListSelectTableViewCell.swift; sourceTree = "<group>"; };
		12B8B4272165CD2B00869496 /* ListData.swift */ = {isa = PBXFileReference; lastKnownFileType = sourcecode.swift; path = ListData.swift; sourceTree = "<group>"; };
		12B8B429216612DF00869496 /* ListEditViewController.swift */ = {isa = PBXFileReference; lastKnownFileType = sourcecode.swift; path = ListEditViewController.swift; sourceTree = "<group>"; };
		12B8B42B2166186300869496 /* ListEditTableViewCell.swift */ = {isa = PBXFileReference; lastKnownFileType = sourcecode.swift; path = ListEditTableViewCell.swift; sourceTree = "<group>"; };
		12B8B42D21663AE800869496 /* AllListsViewController.swift */ = {isa = PBXFileReference; lastKnownFileType = sourcecode.swift; path = AllListsViewController.swift; sourceTree = "<group>"; };
		12CD0256214E981D00133A95 /* SettingsViewController.swift */ = {isa = PBXFileReference; lastKnownFileType = sourcecode.swift; path = SettingsViewController.swift; sourceTree = "<group>"; };
		12CD0258214E989D00133A95 /* SettingsModel.swift */ = {isa = PBXFileReference; lastKnownFileType = sourcecode.swift; path = SettingsModel.swift; sourceTree = "<group>"; };
		12CD025C214EB24A00133A95 /* ImageCache.swift */ = {isa = PBXFileReference; lastKnownFileType = sourcecode.swift; path = ImageCache.swift; sourceTree = "<group>"; };
		12CD025E214F2F1400133A95 /* TimeLineViewModel.swift */ = {isa = PBXFileReference; lastKnownFileType = sourcecode.swift; path = TimeLineViewModel.swift; sourceTree = "<group>"; };
		12CD0260214F367100133A95 /* DecodeToot.swift */ = {isa = PBXFileReference; lastKnownFileType = sourcecode.swift; path = DecodeToot.swift; sourceTree = "<group>"; };
		12CD0262214F49E000133A95 /* EmojiData.swift */ = {isa = PBXFileReference; lastKnownFileType = sourcecode.swift; path = EmojiData.swift; sourceTree = "<group>"; };
		12CD0264214FD37700133A95 /* AnalyzeJson.swift */ = {isa = PBXFileReference; lastKnownFileType = sourcecode.swift; path = AnalyzeJson.swift; sourceTree = "<group>"; };
		12CD0266214FD4F000133A95 /* TimeLineViewCell.swift */ = {isa = PBXFileReference; lastKnownFileType = sourcecode.swift; path = TimeLineViewCell.swift; sourceTree = "<group>"; };
		12F6602E215656890049AEE0 /* ImageUtils.swift */ = {isa = PBXFileReference; lastKnownFileType = sourcecode.swift; path = ImageUtils.swift; sourceTree = "<group>"; };
		12F9AC74214CA35F00E9E508 /* DonParade.app */ = {isa = PBXFileReference; explicitFileType = wrapper.application; includeInIndex = 0; path = DonParade.app; sourceTree = BUILT_PRODUCTS_DIR; };
		12F9AC77214CA35F00E9E508 /* AppDelegate.swift */ = {isa = PBXFileReference; lastKnownFileType = sourcecode.swift; path = AppDelegate.swift; sourceTree = "<group>"; };
		12F9AC79214CA35F00E9E508 /* ViewController.swift */ = {isa = PBXFileReference; lastKnownFileType = sourcecode.swift; path = ViewController.swift; sourceTree = "<group>"; };
		12F9AC7C214CA35F00E9E508 /* Base */ = {isa = PBXFileReference; lastKnownFileType = file.storyboard; name = Base; path = Base.lproj/Main.storyboard; sourceTree = "<group>"; };
		12F9AC7E214CA36100E9E508 /* Assets.xcassets */ = {isa = PBXFileReference; lastKnownFileType = folder.assetcatalog; path = Assets.xcassets; sourceTree = "<group>"; };
		12F9AC81214CA36100E9E508 /* Base */ = {isa = PBXFileReference; lastKnownFileType = file.storyboard; name = Base; path = Base.lproj/LaunchScreen.storyboard; sourceTree = "<group>"; };
		12F9AC83214CA36100E9E508 /* Info.plist */ = {isa = PBXFileReference; lastKnownFileType = text.plist.xml; path = Info.plist; sourceTree = "<group>"; };
		12F9AC8B214CA3BD00E9E508 /* Dialog.swift */ = {isa = PBXFileReference; lastKnownFileType = sourcecode.swift; path = Dialog.swift; sourceTree = "<group>"; };
		12F9AC8E214CA41200E9E508 /* MastodonRequest.swift */ = {isa = PBXFileReference; lastKnownFileType = sourcecode.swift; path = MastodonRequest.swift; sourceTree = "<group>"; };
		12F9AC90214CA4AA00E9E508 /* LoginSafari.swift */ = {isa = PBXFileReference; lastKnownFileType = sourcecode.swift; path = LoginSafari.swift; sourceTree = "<group>"; };
		12F9AC98214CA9B100E9E508 /* SettingsData.swift */ = {isa = PBXFileReference; lastKnownFileType = sourcecode.swift; path = SettingsData.swift; sourceTree = "<group>"; };
		12F9AC9A214CAB2200E9E508 /* LoginViewController.swift */ = {isa = PBXFileReference; lastKnownFileType = sourcecode.swift; path = LoginViewController.swift; sourceTree = "<group>"; };
		12F9AC9C214CAB7000E9E508 /* MyViewController.swift */ = {isa = PBXFileReference; lastKnownFileType = sourcecode.swift; path = MyViewController.swift; sourceTree = "<group>"; };
		12F9ACA0214CE18400E9E508 /* I18n.swift */ = {isa = PBXFileReference; lastKnownFileType = sourcecode.swift; path = I18n.swift; sourceTree = "<group>"; };
		12F9ACA5214CE9C200E9E508 /* Base */ = {isa = PBXFileReference; lastKnownFileType = text.plist.strings; name = Base; path = Base.lproj/Localizable.strings; sourceTree = "<group>"; };
		12F9ACA6214CEACD00E9E508 /* ja */ = {isa = PBXFileReference; lastKnownFileType = text.plist.strings; name = ja; path = ja.lproj/Localizable.strings; sourceTree = "<group>"; };
		12F9ACA7214D1C0900E9E508 /* MainViewController.swift */ = {isa = PBXFileReference; lastKnownFileType = sourcecode.swift; path = MainViewController.swift; sourceTree = "<group>"; };
		12F9ACA9214D412400E9E508 /* TimeLineViewController.swift */ = {isa = PBXFileReference; lastKnownFileType = sourcecode.swift; path = TimeLineViewController.swift; sourceTree = "<group>"; };
		12F9ACAB214D424D00E9E508 /* UIUtils.swift */ = {isa = PBXFileReference; lastKnownFileType = sourcecode.swift; path = UIUtils.swift; sourceTree = "<group>"; };
		A49ADC84994CC2099CB2E38C /* Pods-DonParade.release.xcconfig */ = {isa = PBXFileReference; includeInIndex = 1; lastKnownFileType = text.xcconfig; name = "Pods-DonParade.release.xcconfig"; path = "Pods/Target Support Files/Pods-DonParade/Pods-DonParade.release.xcconfig"; sourceTree = "<group>"; };
		B34A5C456964AEA66CDD4D8C /* Pods_DonParade.framework */ = {isa = PBXFileReference; explicitFileType = wrapper.framework; includeInIndex = 0; path = Pods_DonParade.framework; sourceTree = BUILT_PRODUCTS_DIR; };
/* End PBXFileReference section */

/* Begin PBXFrameworksBuildPhase section */
		12F9AC71214CA35F00E9E508 /* Frameworks */ = {
			isa = PBXFrameworksBuildPhase;
			buildActionMask = 2147483647;
			files = (
				5E5CE25540D5ADFBD2B1A09A /* Pods_DonParade.framework in Frameworks */,
			);
			runOnlyForDeploymentPostprocessing = 0;
		};
/* End PBXFrameworksBuildPhase section */

/* Begin PBXGroup section */
		1255A96F215A81CD00DE1CF3 /* Frameworks */ = {
			isa = PBXGroup;
			children = (
				1255A973215A85A000DE1CF3 /* Starscream.framework */,
				B34A5C456964AEA66CDD4D8C /* Pods_DonParade.framework */,
			);
			name = Frameworks;
			sourceTree = "<group>";
		};
		127A37B021570B0B00347880 /* NotificationView */ = {
			isa = PBXGroup;
			children = (
				127A37B121570B5600347880 /* NotificationViewController.swift */,
				127A37B6215733B400347880 /* NotificationTableModel.swift */,
				127A37B821573FE900347880 /* NotificationTableCell.swift */,
			);
			path = NotificationView;
			sourceTree = "<group>";
		};
		127A37B3215724E600347880 /* ListView */ = {
			isa = PBXGroup;
			children = (
				127A37B42157250700347880 /* ListSelectViewController.swift */,
				12B8B4252165BAA900869496 /* ListSelectTableViewCell.swift */,
				12B8B429216612DF00869496 /* ListEditViewController.swift */,
				12B8B42B2166186300869496 /* ListEditTableViewCell.swift */,
			);
			path = ListView;
			sourceTree = "<group>";
		};
		127A37BA2157648000347880 /* SearchView */ = {
			isa = PBXGroup;
			children = (
				127A37BB2157649600347880 /* SearchViewController.swift */,
			);
			path = SearchView;
			sourceTree = "<group>";
		};
		1286DF662155E6F4008FFFAC /* ImageView */ = {
			isa = PBXGroup;
			children = (
				1286DF672155E906008FFFAC /* ImageViewController.swift */,
			);
			path = ImageView;
			sourceTree = "<group>";
		};
		12F9AC6B214CA35F00E9E508 = {
			isa = PBXGroup;
			children = (
				12F9AC76214CA35F00E9E508 /* DonParade */,
				12F9AC75214CA35F00E9E508 /* Products */,
				1255A96F215A81CD00DE1CF3 /* Frameworks */,
				CAD1E6CC743773B046D69E61 /* Pods */,
			);
			sourceTree = "<group>";
		};
		12F9AC75214CA35F00E9E508 /* Products */ = {
			isa = PBXGroup;
			children = (
				12F9AC74214CA35F00E9E508 /* DonParade.app */,
			);
			name = Products;
			sourceTree = "<group>";
		};
		12F9AC76214CA35F00E9E508 /* DonParade */ = {
			isa = PBXGroup;
			children = (
				12F9AC8D214CA3FD00E9E508 /* Mastodon */,
				12F9AC8A214CA3A300E9E508 /* UI */,
				12F9AC89214CA38B00E9E508 /* Utils */,
				12F9AC97214CA99600E9E508 /* Data */,
				12F9AC93214CA67D00E9E508 /* ScrollView */,
				1286DF662155E6F4008FFFAC /* ImageView */,
				12F9AC95214CA73800E9E508 /* ProfileView */,
				12F9AC94214CA6C500E9E508 /* TootView */,
				127A37BA2157648000347880 /* SearchView */,
				127A37B021570B0B00347880 /* NotificationView */,
				127A37B3215724E600347880 /* ListView */,
				12F9AC92214CA57E00E9E508 /* SettingsView */,
				12F9AC96214CA74A00E9E508 /* LoginView */,
				12F9AC77214CA35F00E9E508 /* AppDelegate.swift */,
				12F9AC79214CA35F00E9E508 /* ViewController.swift */,
				12F9AC7B214CA35F00E9E508 /* Main.storyboard */,
				12F9AC7E214CA36100E9E508 /* Assets.xcassets */,
				12F9AC80214CA36100E9E508 /* LaunchScreen.storyboard */,
				12F9AC83214CA36100E9E508 /* Info.plist */,
				121764CA2167AB830017E76A /* InfoPlist.strings */,
				12F9ACA4214CE9B900E9E508 /* Localizable.strings */,
			);
			path = DonParade;
			sourceTree = "<group>";
		};
		12F9AC89214CA38B00E9E508 /* Utils */ = {
			isa = PBXGroup;
			children = (
				12F9ACA0214CE18400E9E508 /* I18n.swift */,
				12F9ACAB214D424D00E9E508 /* UIUtils.swift */,
				12CD025C214EB24A00133A95 /* ImageCache.swift */,
				12F6602E215656890049AEE0 /* ImageUtils.swift */,
				121764CC216846AB0017E76A /* MovieCache.swift */,
			);
			path = Utils;
			sourceTree = "<group>";
		};
		12F9AC8A214CA3A300E9E508 /* UI */ = {
			isa = PBXGroup;
			children = (
				12F9AC8B214CA3BD00E9E508 /* Dialog.swift */,
				12F9AC9C214CAB7000E9E508 /* MyViewController.swift */,
				121DC0DB2153C64F00928DCC /* MyWindow.swift */,
				121DC0E12153E32500928DCC /* WaitIndicator.swift */,
				1286DF5A215488CB008FFFAC /* ThemeColor.swift */,
				129771E221624204003728FC /* WideTouchButton.swift */,
			);
			path = UI;
			sourceTree = "<group>";
		};
		12F9AC8D214CA3FD00E9E508 /* Mastodon */ = {
			isa = PBXGroup;
			children = (
				12F9AC90214CA4AA00E9E508 /* LoginSafari.swift */,
				12F9AC8E214CA41200E9E508 /* MastodonRequest.swift */,
				1255A96B215A6A1600DE1CF3 /* MastodonStreaming.swift */,
				12CD0264214FD37700133A95 /* AnalyzeJson.swift */,
				12CD0260214F367100133A95 /* DecodeToot.swift */,
			);
			path = Mastodon;
			sourceTree = "<group>";
		};
		12F9AC92214CA57E00E9E508 /* SettingsView */ = {
			isa = PBXGroup;
			children = (
				12CD0256214E981D00133A95 /* SettingsViewController.swift */,
				12CD0258214E989D00133A95 /* SettingsModel.swift */,
				1286DF5C21549A81008FFFAC /* SettingsSwitchCell.swift */,
				1286DF5E2154A9CA008FFFAC /* SettingsStepperCell.swift */,
				1286DF622154F2DA008FFFAC /* SettingsSelectProtectMode.swift */,
				1255A977215D1B2600DE1CF3 /* ShowMyAnyList.swift */,
				121764D02168B24E0017E76A /* FollowRequestViewController.swift */,
				1255A96D215A7F5900DE1CF3 /* License.text */,
			);
			path = SettingsView;
			sourceTree = "<group>";
		};
		12F9AC93214CA67D00E9E508 /* ScrollView */ = {
			isa = PBXGroup;
			children = (
				12F9ACA7214D1C0900E9E508 /* MainViewController.swift */,
				12B8B4232164BF0E00869496 /* MainView.swift */,
				12F9ACA9214D412400E9E508 /* TimeLineViewController.swift */,
				121DC0DD2153CF7F00928DCC /* TimeLineView.swift */,
				12CD025E214F2F1400133A95 /* TimeLineViewModel.swift */,
				12CD0266214FD4F000133A95 /* TimeLineViewCell.swift */,
			);
			path = ScrollView;
			sourceTree = "<group>";
		};
		12F9AC94214CA6C500E9E508 /* TootView */ = {
			isa = PBXGroup;
			children = (
				121DC0D92152955F00928DCC /* TootViewController.swift */,
				1286DF6421551824008FFFAC /* TootView.swift */,
				1286DF602154DCA8008FFFAC /* EmojiKeyboard.swift */,
				127A37BD2157B45100347880 /* MyImagePickerController.swift */,
				127A37BF2157C63500347880 /* ImageUpload.swift */,
				1255A975215BBD2D00DE1CF3 /* ImageCheckView.swift */,
			);
			path = TootView;
			sourceTree = "<group>";
		};
		12F9AC95214CA73800E9E508 /* ProfileView */ = {
			isa = PBXGroup;
			children = (
				127A37C121583DC700347880 /* ProfileViewCell.swift */,
				127A37C52158F41A00347880 /* ProfileAction.swift */,
				1255A979215DF97100DE1CF3 /* FollowingViewController.swift */,
				12B8B42D21663AE800869496 /* AllListsViewController.swift */,
			);
			path = ProfileView;
			sourceTree = "<group>";
		};
		12F9AC96214CA74A00E9E508 /* LoginView */ = {
			isa = PBXGroup;
			children = (
				12F9AC9A214CAB2200E9E508 /* LoginViewController.swift */,
			);
			path = LoginView;
			sourceTree = "<group>";
		};
		12F9AC97214CA99600E9E508 /* Data */ = {
			isa = PBXGroup;
			children = (
				12F9AC98214CA9B100E9E508 /* SettingsData.swift */,
				12CD0262214F49E000133A95 /* EmojiData.swift */,
				12B8B4272165CD2B00869496 /* ListData.swift */,
			);
			path = Data;
			sourceTree = "<group>";
		};
		CAD1E6CC743773B046D69E61 /* Pods */ = {
			isa = PBXGroup;
			children = (
				07B719C767E8F3CB26EC8954 /* Pods-DonParade.debug.xcconfig */,
				A49ADC84994CC2099CB2E38C /* Pods-DonParade.release.xcconfig */,
			);
			name = Pods;
			sourceTree = "<group>";
		};
/* End PBXGroup section */

/* Begin PBXNativeTarget section */
		12F9AC73214CA35F00E9E508 /* DonParade */ = {
			isa = PBXNativeTarget;
			buildConfigurationList = 12F9AC86214CA36100E9E508 /* Build configuration list for PBXNativeTarget "DonParade" */;
			buildPhases = (
				A1F999F5E435E866EAC47085 /* [CP] Check Pods Manifest.lock */,
				12F9AC70214CA35F00E9E508 /* Sources */,
				12F9AC71214CA35F00E9E508 /* Frameworks */,
				12F9AC72214CA35F00E9E508 /* Resources */,
				52E2F1C25A96B67EFAE45742 /* [CP] Embed Pods Frameworks */,
			);
			buildRules = (
			);
			dependencies = (
			);
			name = DonParade;
			productName = DonParade;
			productReference = 12F9AC74214CA35F00E9E508 /* DonParade.app */;
			productType = "com.apple.product-type.application";
		};
/* End PBXNativeTarget section */

/* Begin PBXProject section */
		12F9AC6C214CA35F00E9E508 /* Project object */ = {
			isa = PBXProject;
			attributes = {
				LastSwiftUpdateCheck = 0940;
				LastUpgradeCheck = 0940;
				ORGANIZATIONNAME = pgostation;
				TargetAttributes = {
					12F9AC73214CA35F00E9E508 = {
						CreatedOnToolsVersion = 9.4.1;
					};
				};
			};
			buildConfigurationList = 12F9AC6F214CA35F00E9E508 /* Build configuration list for PBXProject "DonParade" */;
			compatibilityVersion = "Xcode 9.3";
			developmentRegion = en;
			hasScannedForEncodings = 0;
			knownRegions = (
				en,
				Base,
				ja,
			);
			mainGroup = 12F9AC6B214CA35F00E9E508;
			productRefGroup = 12F9AC75214CA35F00E9E508 /* Products */;
			projectDirPath = "";
			projectRoot = "";
			targets = (
				12F9AC73214CA35F00E9E508 /* DonParade */,
			);
		};
/* End PBXProject section */

/* Begin PBXResourcesBuildPhase section */
		12F9AC72214CA35F00E9E508 /* Resources */ = {
			isa = PBXResourcesBuildPhase;
			buildActionMask = 2147483647;
			files = (
				12F9AC82214CA36100E9E508 /* LaunchScreen.storyboard in Resources */,
				121764C82167AB830017E76A /* InfoPlist.strings in Resources */,
				12F9ACA2214CE9B900E9E508 /* Localizable.strings in Resources */,
				12F9AC7F214CA36100E9E508 /* Assets.xcassets in Resources */,
				12F9AC7D214CA35F00E9E508 /* Main.storyboard in Resources */,
				1255A96E215A7F5900DE1CF3 /* License.text in Resources */,
			);
			runOnlyForDeploymentPostprocessing = 0;
		};
/* End PBXResourcesBuildPhase section */

/* Begin PBXShellScriptBuildPhase section */
		52E2F1C25A96B67EFAE45742 /* [CP] Embed Pods Frameworks */ = {
			isa = PBXShellScriptBuildPhase;
			buildActionMask = 2147483647;
			files = (
			);
			inputFileListPaths = (
			);
			inputPaths = (
				"${SRCROOT}/Pods/Target Support Files/Pods-DonParade/Pods-DonParade-frameworks.sh",
				"${BUILT_PRODUCTS_DIR}/APNGKit/APNGKit.framework",
				"${BUILT_PRODUCTS_DIR}/Starscream/Starscream.framework",
				"${BUILT_PRODUCTS_DIR}/SwiftyGif/SwiftyGif.framework",
			);
			name = "[CP] Embed Pods Frameworks";
			outputFileListPaths = (
			);
			outputPaths = (
				"${TARGET_BUILD_DIR}/${FRAMEWORKS_FOLDER_PATH}/APNGKit.framework",
				"${TARGET_BUILD_DIR}/${FRAMEWORKS_FOLDER_PATH}/Starscream.framework",
				"${TARGET_BUILD_DIR}/${FRAMEWORKS_FOLDER_PATH}/SwiftyGif.framework",
			);
			runOnlyForDeploymentPostprocessing = 0;
			shellPath = /bin/sh;
			shellScript = "\"${SRCROOT}/Pods/Target Support Files/Pods-DonParade/Pods-DonParade-frameworks.sh\"\n";
			showEnvVarsInLog = 0;
		};
		A1F999F5E435E866EAC47085 /* [CP] Check Pods Manifest.lock */ = {
			isa = PBXShellScriptBuildPhase;
			buildActionMask = 2147483647;
			files = (
			);
			inputFileListPaths = (
			);
			inputPaths = (
				"${PODS_PODFILE_DIR_PATH}/Podfile.lock",
				"${PODS_ROOT}/Manifest.lock",
			);
			name = "[CP] Check Pods Manifest.lock";
			outputFileListPaths = (
			);
			outputPaths = (
				"$(DERIVED_FILE_DIR)/Pods-DonParade-checkManifestLockResult.txt",
			);
			runOnlyForDeploymentPostprocessing = 0;
			shellPath = /bin/sh;
			shellScript = "diff \"${PODS_PODFILE_DIR_PATH}/Podfile.lock\" \"${PODS_ROOT}/Manifest.lock\" > /dev/null\nif [ $? != 0 ] ; then\n    # print error to STDERR\n    echo \"error: The sandbox is not in sync with the Podfile.lock. Run 'pod install' or update your CocoaPods installation.\" >&2\n    exit 1\nfi\n# This output is used by Xcode 'outputs' to avoid re-running this script phase.\necho \"SUCCESS\" > \"${SCRIPT_OUTPUT_FILE_0}\"\n";
			showEnvVarsInLog = 0;
		};
/* End PBXShellScriptBuildPhase section */

/* Begin PBXSourcesBuildPhase section */
		12F9AC70214CA35F00E9E508 /* Sources */ = {
			isa = PBXSourcesBuildPhase;
			buildActionMask = 2147483647;
			files = (
				127A37B7215733B400347880 /* NotificationTableModel.swift in Sources */,
				1286DF612154DCA8008FFFAC /* EmojiKeyboard.swift in Sources */,
				12F9AC9B214CAB2200E9E508 /* LoginViewController.swift in Sources */,
				127A37C62158F41A00347880 /* ProfileAction.swift in Sources */,
				121DC0DC2153C64F00928DCC /* MyWindow.swift in Sources */,
				1286DF632154F2DA008FFFAC /* SettingsSelectProtectMode.swift in Sources */,
				12B8B4242164BF0E00869496 /* MainView.swift in Sources */,
				121DC0DE2153CF7F00928DCC /* TimeLineView.swift in Sources */,
				12F9AC91214CA4AA00E9E508 /* LoginSafari.swift in Sources */,
				12CD0261214F367100133A95 /* DecodeToot.swift in Sources */,
				12CD025D214EB24A00133A95 /* ImageCache.swift in Sources */,
				127A37BE2157B45100347880 /* MyImagePickerController.swift in Sources */,
				12F9AC8F214CA41200E9E508 /* MastodonRequest.swift in Sources */,
				12F9ACAC214D424D00E9E508 /* UIUtils.swift in Sources */,
				12F9AC99214CA9B100E9E508 /* SettingsData.swift in Sources */,
				12F9AC8C214CA3BD00E9E508 /* Dialog.swift in Sources */,
				12B8B42A216612DF00869496 /* ListEditViewController.swift in Sources */,
				121DC0E22153E32500928DCC /* WaitIndicator.swift in Sources */,
				12B8B42E21663AE800869496 /* AllListsViewController.swift in Sources */,
				121764D12168B24E0017E76A /* FollowRequestViewController.swift in Sources */,
				1255A97A215DF97100DE1CF3 /* FollowingViewController.swift in Sources */,
				12CD025F214F2F1400133A95 /* TimeLineViewModel.swift in Sources */,
				127A37C02157C63500347880 /* ImageUpload.swift in Sources */,
				12F9AC7A214CA35F00E9E508 /* ViewController.swift in Sources */,
				12CD0263214F49E000133A95 /* EmojiData.swift in Sources */,
				12B8B4282165CD2B00869496 /* ListData.swift in Sources */,
				12F9ACAA214D412400E9E508 /* TimeLineViewController.swift in Sources */,
				1286DF682155E906008FFFAC /* ImageViewController.swift in Sources */,
				121764CD216846AB0017E76A /* MovieCache.swift in Sources */,
				12F9AC9D214CAB7000E9E508 /* MyViewController.swift in Sources */,
				127A37C221583DC700347880 /* ProfileViewCell.swift in Sources */,
				12F9AC78214CA35F00E9E508 /* AppDelegate.swift in Sources */,
				12CD0257214E981D00133A95 /* SettingsViewController.swift in Sources */,
				1255A976215BBD2D00DE1CF3 /* ImageCheckView.swift in Sources */,
				12CD0267214FD4F000133A95 /* TimeLineViewCell.swift in Sources */,
				1255A96C215A6A1600DE1CF3 /* MastodonStreaming.swift in Sources */,
				127A37B52157250700347880 /* ListSelectViewController.swift in Sources */,
				1286DF5B215488CB008FFFAC /* ThemeColor.swift in Sources */,
				127A37B221570B5600347880 /* NotificationViewController.swift in Sources */,
				127A37BC2157649600347880 /* SearchViewController.swift in Sources */,
				129771E321624204003728FC /* WideTouchButton.swift in Sources */,
				1286DF5D21549A81008FFFAC /* SettingsSwitchCell.swift in Sources */,
				1286DF5F2154A9CA008FFFAC /* SettingsStepperCell.swift in Sources */,
				12F9ACA1214CE18400E9E508 /* I18n.swift in Sources */,
				12B8B4262165BAA900869496 /* ListSelectTableViewCell.swift in Sources */,
				127A37B921573FE900347880 /* NotificationTableCell.swift in Sources */,
				1255A978215D1B2600DE1CF3 /* ShowMyAnyList.swift in Sources */,
				12CD0259214E989D00133A95 /* SettingsModel.swift in Sources */,
				121DC0DA2152955F00928DCC /* TootViewController.swift in Sources */,
				12B8B42C2166186300869496 /* ListEditTableViewCell.swift in Sources */,
				12CD0265214FD37700133A95 /* AnalyzeJson.swift in Sources */,
				1286DF6521551824008FFFAC /* TootView.swift in Sources */,
				12F9ACA8214D1C0900E9E508 /* MainViewController.swift in Sources */,
				12F6602F215656890049AEE0 /* ImageUtils.swift in Sources */,
			);
			runOnlyForDeploymentPostprocessing = 0;
		};
/* End PBXSourcesBuildPhase section */

/* Begin PBXVariantGroup section */
		121764CA2167AB830017E76A /* InfoPlist.strings */ = {
			isa = PBXVariantGroup;
			children = (
				121764C92167AB830017E76A /* ja */,
				121764CB2167AB890017E76A /* en */,
			);
			name = InfoPlist.strings;
			sourceTree = "<group>";
		};
		12F9AC7B214CA35F00E9E508 /* Main.storyboard */ = {
			isa = PBXVariantGroup;
			children = (
				12F9AC7C214CA35F00E9E508 /* Base */,
			);
			name = Main.storyboard;
			sourceTree = "<group>";
		};
		12F9AC80214CA36100E9E508 /* LaunchScreen.storyboard */ = {
			isa = PBXVariantGroup;
			children = (
				12F9AC81214CA36100E9E508 /* Base */,
			);
			name = LaunchScreen.storyboard;
			sourceTree = "<group>";
		};
		12F9ACA4214CE9B900E9E508 /* Localizable.strings */ = {
			isa = PBXVariantGroup;
			children = (
				12F9ACA5214CE9C200E9E508 /* Base */,
				12F9ACA6214CEACD00E9E508 /* ja */,
			);
			name = Localizable.strings;
			sourceTree = "<group>";
		};
/* End PBXVariantGroup section */

/* Begin XCBuildConfiguration section */
		12F9AC84214CA36100E9E508 /* Debug */ = {
			isa = XCBuildConfiguration;
			buildSettings = {
				ALWAYS_SEARCH_USER_PATHS = NO;
				CLANG_ANALYZER_LOCALIZABILITY_NONLOCALIZED = YES;
				CLANG_ANALYZER_NONNULL = YES;
				CLANG_ANALYZER_NUMBER_OBJECT_CONVERSION = YES_AGGRESSIVE;
				CLANG_CXX_LANGUAGE_STANDARD = "gnu++14";
				CLANG_CXX_LIBRARY = "libc++";
				CLANG_ENABLE_MODULES = YES;
				CLANG_ENABLE_OBJC_ARC = YES;
				CLANG_ENABLE_OBJC_WEAK = YES;
				CLANG_WARN_BLOCK_CAPTURE_AUTORELEASING = YES;
				CLANG_WARN_BOOL_CONVERSION = YES;
				CLANG_WARN_COMMA = YES;
				CLANG_WARN_CONSTANT_CONVERSION = YES;
				CLANG_WARN_DEPRECATED_OBJC_IMPLEMENTATIONS = YES;
				CLANG_WARN_DIRECT_OBJC_ISA_USAGE = YES_ERROR;
				CLANG_WARN_DOCUMENTATION_COMMENTS = YES;
				CLANG_WARN_EMPTY_BODY = YES;
				CLANG_WARN_ENUM_CONVERSION = YES;
				CLANG_WARN_INFINITE_RECURSION = YES;
				CLANG_WARN_INT_CONVERSION = YES;
				CLANG_WARN_NON_LITERAL_NULL_CONVERSION = YES;
				CLANG_WARN_OBJC_IMPLICIT_RETAIN_SELF = YES;
				CLANG_WARN_OBJC_LITERAL_CONVERSION = YES;
				CLANG_WARN_OBJC_ROOT_CLASS = YES_ERROR;
				CLANG_WARN_RANGE_LOOP_ANALYSIS = YES;
				CLANG_WARN_STRICT_PROTOTYPES = YES;
				CLANG_WARN_SUSPICIOUS_MOVE = YES;
				CLANG_WARN_UNGUARDED_AVAILABILITY = YES_AGGRESSIVE;
				CLANG_WARN_UNREACHABLE_CODE = YES;
				CLANG_WARN__DUPLICATE_METHOD_MATCH = YES;
				CODE_SIGN_IDENTITY = "iPhone Developer";
				COPY_PHASE_STRIP = NO;
				DEBUG_INFORMATION_FORMAT = dwarf;
				ENABLE_STRICT_OBJC_MSGSEND = YES;
				ENABLE_TESTABILITY = YES;
				GCC_C_LANGUAGE_STANDARD = gnu11;
				GCC_DYNAMIC_NO_PIC = NO;
				GCC_NO_COMMON_BLOCKS = YES;
				GCC_OPTIMIZATION_LEVEL = 0;
				GCC_PREPROCESSOR_DEFINITIONS = (
					"DEBUG=1",
					"$(inherited)",
				);
				GCC_WARN_64_TO_32_BIT_CONVERSION = YES;
				GCC_WARN_ABOUT_RETURN_TYPE = YES_ERROR;
				GCC_WARN_UNDECLARED_SELECTOR = YES;
				GCC_WARN_UNINITIALIZED_AUTOS = YES_AGGRESSIVE;
				GCC_WARN_UNUSED_FUNCTION = YES;
				GCC_WARN_UNUSED_VARIABLE = YES;
				IPHONEOS_DEPLOYMENT_TARGET = 11.4;
				MTL_ENABLE_DEBUG_INFO = YES;
				ONLY_ACTIVE_ARCH = YES;
				SDKROOT = iphoneos;
				SWIFT_ACTIVE_COMPILATION_CONDITIONS = DEBUG;
				SWIFT_OPTIMIZATION_LEVEL = "-Onone";
			};
			name = Debug;
		};
		12F9AC85214CA36100E9E508 /* Release */ = {
			isa = XCBuildConfiguration;
			buildSettings = {
				ALWAYS_SEARCH_USER_PATHS = NO;
				CLANG_ANALYZER_LOCALIZABILITY_NONLOCALIZED = YES;
				CLANG_ANALYZER_NONNULL = YES;
				CLANG_ANALYZER_NUMBER_OBJECT_CONVERSION = YES_AGGRESSIVE;
				CLANG_CXX_LANGUAGE_STANDARD = "gnu++14";
				CLANG_CXX_LIBRARY = "libc++";
				CLANG_ENABLE_MODULES = YES;
				CLANG_ENABLE_OBJC_ARC = YES;
				CLANG_ENABLE_OBJC_WEAK = YES;
				CLANG_WARN_BLOCK_CAPTURE_AUTORELEASING = YES;
				CLANG_WARN_BOOL_CONVERSION = YES;
				CLANG_WARN_COMMA = YES;
				CLANG_WARN_CONSTANT_CONVERSION = YES;
				CLANG_WARN_DEPRECATED_OBJC_IMPLEMENTATIONS = YES;
				CLANG_WARN_DIRECT_OBJC_ISA_USAGE = YES_ERROR;
				CLANG_WARN_DOCUMENTATION_COMMENTS = YES;
				CLANG_WARN_EMPTY_BODY = YES;
				CLANG_WARN_ENUM_CONVERSION = YES;
				CLANG_WARN_INFINITE_RECURSION = YES;
				CLANG_WARN_INT_CONVERSION = YES;
				CLANG_WARN_NON_LITERAL_NULL_CONVERSION = YES;
				CLANG_WARN_OBJC_IMPLICIT_RETAIN_SELF = YES;
				CLANG_WARN_OBJC_LITERAL_CONVERSION = YES;
				CLANG_WARN_OBJC_ROOT_CLASS = YES_ERROR;
				CLANG_WARN_RANGE_LOOP_ANALYSIS = YES;
				CLANG_WARN_STRICT_PROTOTYPES = YES;
				CLANG_WARN_SUSPICIOUS_MOVE = YES;
				CLANG_WARN_UNGUARDED_AVAILABILITY = YES_AGGRESSIVE;
				CLANG_WARN_UNREACHABLE_CODE = YES;
				CLANG_WARN__DUPLICATE_METHOD_MATCH = YES;
				CODE_SIGN_IDENTITY = "iPhone Developer";
				COPY_PHASE_STRIP = NO;
				DEBUG_INFORMATION_FORMAT = "dwarf-with-dsym";
				ENABLE_NS_ASSERTIONS = NO;
				ENABLE_STRICT_OBJC_MSGSEND = YES;
				GCC_C_LANGUAGE_STANDARD = gnu11;
				GCC_NO_COMMON_BLOCKS = YES;
				GCC_WARN_64_TO_32_BIT_CONVERSION = YES;
				GCC_WARN_ABOUT_RETURN_TYPE = YES_ERROR;
				GCC_WARN_UNDECLARED_SELECTOR = YES;
				GCC_WARN_UNINITIALIZED_AUTOS = YES_AGGRESSIVE;
				GCC_WARN_UNUSED_FUNCTION = YES;
				GCC_WARN_UNUSED_VARIABLE = YES;
				IPHONEOS_DEPLOYMENT_TARGET = 11.4;
				MTL_ENABLE_DEBUG_INFO = NO;
				SDKROOT = iphoneos;
				SWIFT_COMPILATION_MODE = wholemodule;
				SWIFT_OPTIMIZATION_LEVEL = "-O";
				VALIDATE_PRODUCT = YES;
			};
			name = Release;
		};
		12F9AC87214CA36100E9E508 /* Debug */ = {
			isa = XCBuildConfiguration;
			baseConfigurationReference = 07B719C767E8F3CB26EC8954 /* Pods-DonParade.debug.xcconfig */;
			buildSettings = {
				ASSETCATALOG_COMPILER_APPICON_NAME = AppIcon;
				CODE_SIGN_STYLE = Automatic;
				DEVELOPMENT_TEAM = L5M8K6XWJN;
				FRAMEWORK_SEARCH_PATHS = (
					"$(inherited)",
					"$(PROJECT_DIR)",
				);
				INFOPLIST_FILE = DonParade/Info.plist;
				IPHONEOS_DEPLOYMENT_TARGET = 9.0;
				LD_RUNPATH_SEARCH_PATHS = (
					"$(inherited)",
					"@executable_path/Frameworks",
				);
				PRODUCT_BUNDLE_IDENTIFIER = pgostation.DonParade;
				PRODUCT_NAME = "$(TARGET_NAME)";
				SWIFT_VERSION = 4.0;
				TARGETED_DEVICE_FAMILY = 1;
			};
			name = Debug;
		};
		12F9AC88214CA36100E9E508 /* Release */ = {
			isa = XCBuildConfiguration;
			baseConfigurationReference = A49ADC84994CC2099CB2E38C /* Pods-DonParade.release.xcconfig */;
			buildSettings = {
				ASSETCATALOG_COMPILER_APPICON_NAME = AppIcon;
				CODE_SIGN_STYLE = Automatic;
				DEVELOPMENT_TEAM = L5M8K6XWJN;
				FRAMEWORK_SEARCH_PATHS = (
					"$(inherited)",
					"$(PROJECT_DIR)",
				);
				INFOPLIST_FILE = DonParade/Info.plist;
				IPHONEOS_DEPLOYMENT_TARGET = 9.0;
				LD_RUNPATH_SEARCH_PATHS = (
					"$(inherited)",
					"@executable_path/Frameworks",
				);
				PRODUCT_BUNDLE_IDENTIFIER = pgostation.DonParade;
				PRODUCT_NAME = "$(TARGET_NAME)";
				SWIFT_VERSION = 4.0;
				TARGETED_DEVICE_FAMILY = 1;
			};
			name = Release;
		};
/* End XCBuildConfiguration section */

/* Begin XCConfigurationList section */
		12F9AC6F214CA35F00E9E508 /* Build configuration list for PBXProject "DonParade" */ = {
			isa = XCConfigurationList;
			buildConfigurations = (
				12F9AC84214CA36100E9E508 /* Debug */,
				12F9AC85214CA36100E9E508 /* Release */,
			);
			defaultConfigurationIsVisible = 0;
			defaultConfigurationName = Release;
		};
		12F9AC86214CA36100E9E508 /* Build configuration list for PBXNativeTarget "DonParade" */ = {
			isa = XCConfigurationList;
			buildConfigurations = (
				12F9AC87214CA36100E9E508 /* Debug */,
				12F9AC88214CA36100E9E508 /* Release */,
			);
			defaultConfigurationIsVisible = 0;
			defaultConfigurationName = Release;
		};
/* End XCConfigurationList section */
	};
	rootObject = 12F9AC6C214CA35F00E9E508 /* Project object */;
}
